
Microsoft Visual Studio Solution File, Format Version 12.00
# Visual Studio Version 16
VisualStudioVersion = 16.0.30413.136
MinimumVisualStudioVersion = 10.0.40219.1
Project("{FAE04EC0-301F-11D3-BF4B-00C04F79EFBC}") = "Xamarin_Elemendid.Android", "Xamarin_Elemendid\Xamarin_Elemendid.Android\Xamarin_Elemendid.Android.csproj", "{937FE7D8-035C-4E9E-B9EC-45E7948FBCA2}"
EndProject
Project("{FAE04EC0-301F-11D3-BF4B-00C04F79EFBC}") = "Xamarin_Elemendid.iOS", "Xamarin_Elemendid\Xamarin_Elemendid.iOS\Xamarin_Elemendid.iOS.csproj", "{2C4B9E5F-E47F-4BF6-B076-35B9BB79A5AA}"
EndProject
Project("{FAE04EC0-301F-11D3-BF4B-00C04F79EFBC}") = "Xamarin_Elemendid", "Xamarin_Elemendid\Xamarin_Elemendid\Xamarin_Elemendid.csproj", "{4ECD3061-C55C-4D1A-A134-4504BDBD5BF8}"
EndProject
Global
	GlobalSection(SolutionConfigurationPlatforms) = preSolution
		Debug|Any CPU = Debug|Any CPU
		Debug|iPhone = Debug|iPhone
		Debug|iPhoneSimulator = Debug|iPhoneSimulator
		Release|Any CPU = Release|Any CPU
		Release|iPhone = Release|iPhone
		Release|iPhoneSimulator = Release|iPhoneSimulator
	EndGlobalSection
	GlobalSection(ProjectConfigurationPlatforms) = postSolution
		{937FE7D8-035C-4E9E-B9EC-45E7948FBCA2}.Debug|Any CPU.ActiveCfg = Debug|Any CPU
		{937FE7D8-035C-4E9E-B9EC-45E7948FBCA2}.Debug|Any CPU.Build.0 = Debug|Any CPU
		{937FE7D8-035C-4E9E-B9EC-45E7948FBCA2}.Debug|Any CPU.Deploy.0 = Debug|Any CPU
		{937FE7D8-035C-4E9E-B9EC-45E7948FBCA2}.Debug|iPhone.ActiveCfg = Debug|Any CPU
		{937FE7D8-035C-4E9E-B9EC-45E7948FBCA2}.Debug|iPhone.Build.0 = Debug|Any CPU
		{937FE7D8-035C-4E9E-B9EC-45E7948FBCA2}.Debug|iPhone.Deploy.0 = Debug|Any CPU
		{937FE7D8-035C-4E9E-B9EC-45E7948FBCA2}.Debug|iPhoneSimulator.ActiveCfg = Debug|Any CPU
		{937FE7D8-035C-4E9E-B9EC-45E7948FBCA2}.Debug|iPhoneSimulator.Build.0 = Debug|Any CPU
		{937FE7D8-035C-4E9E-B9EC-45E7948FBCA2}.Debug|iPhoneSimulator.Deploy.0 = Debug|Any CPU
		{937FE7D8-035C-4E9E-B9EC-45E7948FBCA2}.Release|Any CPU.ActiveCfg = Release|Any CPU
		{937FE7D8-035C-4E9E-B9EC-45E7948FBCA2}.Release|Any CPU.Build.0 = Release|Any CPU
		{937FE7D8-035C-4E9E-B9EC-45E7948FBCA2}.Release|Any CPU.Deploy.0 = Release|Any CPU
		{937FE7D8-035C-4E9E-B9EC-45E7948FBCA2}.Release|iPhone.ActiveCfg = Release|Any CPU
		{937FE7D8-035C-4E9E-B9EC-45E7948FBCA2}.Release|iPhone.Build.0 = Release|Any CPU
		{937FE7D8-035C-4E9E-B9EC-45E7948FBCA2}.Release|iPhone.Deploy.0 = Release|Any CPU
		{937FE7D8-035C-4E9E-B9EC-45E7948FBCA2}.Release|iPhoneSimulator.ActiveCfg = Release|Any CPU
		{937FE7D8-035C-4E9E-B9EC-45E7948FBCA2}.Release|iPhoneSimulator.Build.0 = Release|Any CPU
		{937FE7D8-035C-4E9E-B9EC-45E7948FBCA2}.Release|iPhoneSimulator.Deploy.0 = Release|Any CPU
		{2C4B9E5F-E47F-4BF6-B076-35B9BB79A5AA}.Debug|Any CPU.ActiveCfg = Debug|iPhone
		{2C4B9E5F-E47F-4BF6-B076-35B9BB79A5AA}.Debug|Any CPU.Build.0 = Debug|iPhone
		{2C4B9E5F-E47F-4BF6-B076-35B9BB79A5AA}.Debug|Any CPU.Deploy.0 = Debug|iPhone
		{2C4B9E5F-E47F-4BF6-B076-35B9BB79A5AA}.Debug|iPhone.ActiveCfg = Debug|iPhone
		{2C4B9E5F-E47F-4BF6-B076-35B9BB79A5AA}.Debug|iPhone.Build.0 = Debug|iPhone
		{2C4B9E5F-E47F-4BF6-B076-35B9BB79A5AA}.Debug|iPhone.Deploy.0 = Debug|iPhone
		{2C4B9E5F-E47F-4BF6-B076-35B9BB79A5AA}.Debug|iPhoneSimulator.ActiveCfg = Debug|iPhoneSimulator
		{2C4B9E5F-E47F-4BF6-B076-35B9BB79A5AA}.Debug|iPhoneSimulator.Build.0 = Debug|iPhoneSimulator
		{2C4B9E5F-E47F-4BF6-B076-35B9BB79A5AA}.Debug|iPhoneSimulator.Deploy.0 = Debug|iPhoneSimulator
		{2C4B9E5F-E47F-4BF6-B076-35B9BB79A5AA}.Release|Any CPU.ActiveCfg = Release|iPhone
		{2C4B9E5F-E47F-4BF6-B076-35B9BB79A5AA}.Release|Any CPU.Build.0 = Release|iPhone
		{2C4B9E5F-E47F-4BF6-B076-35B9BB79A5AA}.Release|Any CPU.Deploy.0 = Release|iPhone
		{2C4B9E5F-E47F-4BF6-B076-35B9BB79A5AA}.Release|iPhone.ActiveCfg = Release|iPhone
		{2C4B9E5F-E47F-4BF6-B076-35B9BB79A5AA}.Release|iPhone.Build.0 = Release|iPhone
		{2C4B9E5F-E47F-4BF6-B076-35B9BB79A5AA}.Release|iPhone.Deploy.0 = Release|iPhone
		{2C4B9E5F-E47F-4BF6-B076-35B9BB79A5AA}.Release|iPhoneSimulator.ActiveCfg = Release|iPhoneSimulator
		{2C4B9E5F-E47F-4BF6-B076-35B9BB79A5AA}.Release|iPhoneSimulator.Build.0 = Release|iPhoneSimulator
		{2C4B9E5F-E47F-4BF6-B076-35B9BB79A5AA}.Release|iPhoneSimulator.Deploy.0 = Release|iPhoneSimulator
		{4ECD3061-C55C-4D1A-A134-4504BDBD5BF8}.Debug|Any CPU.ActiveCfg = Debug|Any CPU
		{4ECD3061-C55C-4D1A-A134-4504BDBD5BF8}.Debug|Any CPU.Build.0 = Debug|Any CPU
		{4ECD3061-C55C-4D1A-A134-4504BDBD5BF8}.Debug|Any CPU.Deploy.0 = Debug|Any CPU
		{4ECD3061-C55C-4D1A-A134-4504BDBD5BF8}.Debug|iPhone.ActiveCfg = Debug|Any CPU
		{4ECD3061-C55C-4D1A-A134-4504BDBD5BF8}.Debug|iPhone.Build.0 = Debug|Any CPU
		{4ECD3061-C55C-4D1A-A134-4504BDBD5BF8}.Debug|iPhone.Deploy.0 = Debug|Any CPU
		{4ECD3061-C55C-4D1A-A134-4504BDBD5BF8}.Debug|iPhoneSimulator.ActiveCfg = Debug|Any CPU
		{4ECD3061-C55C-4D1A-A134-4504BDBD5BF8}.Debug|iPhoneSimulator.Build.0 = Debug|Any CPU
		{4ECD3061-C55C-4D1A-A134-4504BDBD5BF8}.Debug|iPhoneSimulator.Deploy.0 = Debug|Any CPU
		{4ECD3061-C55C-4D1A-A134-4504BDBD5BF8}.Release|Any CPU.ActiveCfg = Release|Any CPU
		{4ECD3061-C55C-4D1A-A134-4504BDBD5BF8}.Release|Any CPU.Build.0 = Release|Any CPU
		{4ECD3061-C55C-4D1A-A134-4504BDBD5BF8}.Release|Any CPU.Deploy.0 = Release|Any CPU
		{4ECD3061-C55C-4D1A-A134-4504BDBD5BF8}.Release|iPhone.ActiveCfg = Release|Any CPU
		{4ECD3061-C55C-4D1A-A134-4504BDBD5BF8}.Release|iPhone.Build.0 = Release|Any CPU
		{4ECD3061-C55C-4D1A-A134-4504BDBD5BF8}.Release|iPhone.Deploy.0 = Release|Any CPU
		{4ECD3061-C55C-4D1A-A134-4504BDBD5BF8}.Release|iPhoneSimulator.ActiveCfg = Release|Any CPU
		{4ECD3061-C55C-4D1A-A134-4504BDBD5BF8}.Release|iPhoneSimulator.Build.0 = Release|Any CPU
		{4ECD3061-C55C-4D1A-A134-4504BDBD5BF8}.Release|iPhoneSimulator.Deploy.0 = Release|Any CPU
	EndGlobalSection
	GlobalSection(SolutionProperties) = preSolution
		HideSolutionNode = FALSE
	EndGlobalSection
	GlobalSection(ExtensibilityGlobals) = postSolution
		SolutionGuid = {94DDE39F-6BAC-4172-9E62-3AADEBA60078}
	EndGlobalSection
EndGlobal
